// !$*UTF8*$!
{
	archiveVersion = 1;
	classes = {
	};
	objectVersion = 56;
	objects = {

/* Begin PBXBuildFile section */
		035C26E22D2E0D9600BB20B8 /* PretendardVariable.ttf in Resources */ = {isa = PBXBuildFile; fileRef = 035C26E12D2E0D9600BB20B8 /* PretendardVariable.ttf */; };
		035C26E42D2E0DF600BB20B8 /* Font+Extension.swift in Sources */ = {isa = PBXBuildFile; fileRef = 035C26E32D2E0DF500BB20B8 /* Font+Extension.swift */; };
		035C26E72D2E107600BB20B8 /* CustomButton.swift in Sources */ = {isa = PBXBuildFile; fileRef = 035C26E62D2E107600BB20B8 /* CustomButton.swift */; };
		035C26E92D2E3E7100BB20B8 /* ColorAssets.xcassets in Resources */ = {isa = PBXBuildFile; fileRef = 035C26E82D2E3E7100BB20B8 /* ColorAssets.xcassets */; };
		035C26EE2D2E4AC800BB20B8 /* AppImages.swift in Sources */ = {isa = PBXBuildFile; fileRef = 035C26ED2D2E4AC800BB20B8 /* AppImages.swift */; };
		035C26F12D2E529300BB20B8 /* RouteTabView.swift in Sources */ = {isa = PBXBuildFile; fileRef = 035C26F02D2E529300BB20B8 /* RouteTabView.swift */; };
		035C26F32D2E54EA00BB20B8 /* TabItems.swift in Sources */ = {isa = PBXBuildFile; fileRef = 035C26F22D2E54EA00BB20B8 /* TabItems.swift */; };
		035C26F52D2E5ED800BB20B8 /* .gitignore in Resources */ = {isa = PBXBuildFile; fileRef = 035C26F42D2E5ED800BB20B8 /* .gitignore */; };
		03FC07432D37A3A400EBF374 /* TimerDetailView.swift in Sources */ = {isa = PBXBuildFile; fileRef = 03FC07422D37A3A400EBF374 /* TimerDetailView.swift */; };
		03FC07992D51F8A300EBF374 /* Appfile in Resources */ = {isa = PBXBuildFile; fileRef = 03FC07962D51F8A300EBF374 /* Appfile */; };
		03FC079A2D51F8A300EBF374 /* Fastfile in Resources */ = {isa = PBXBuildFile; fileRef = 03FC07972D51F8A300EBF374 /* Fastfile */; };
		03FC079F2D51FE0B00EBF374 /* Matchfile in Resources */ = {isa = PBXBuildFile; fileRef = 03FC079E2D51FE0B00EBF374 /* Matchfile */; };
		4D8D3A842D2EC5B2009D61AD /* TimerViewModel.swift in Sources */ = {isa = PBXBuildFile; fileRef = 4D8D3A832D2EC5B2009D61AD /* TimerViewModel.swift */; };
		4D8D3A862D2EC5CC009D61AD /* WorksoutView.swift in Sources */ = {isa = PBXBuildFile; fileRef = 4D8D3A852D2EC5CC009D61AD /* WorksoutView.swift */; };
		4D8D3A882D31520C009D61AD /* Workout.swift in Sources */ = {isa = PBXBuildFile; fileRef = 4D8D3A872D31520C009D61AD /* Workout.swift */; };
		4D8D3A8A2D315460009D61AD /* WorkoutRepository.swift in Sources */ = {isa = PBXBuildFile; fileRef = 4D8D3A892D315460009D61AD /* WorkoutRepository.swift */; };
		4D8D3A8C2D31553A009D61AD /* WorkoutUseCase.swift in Sources */ = {isa = PBXBuildFile; fileRef = 4D8D3A8B2D31553A009D61AD /* WorkoutUseCase.swift */; };
		4D8D3A8F2D33A1AE009D61AD /* Alamofire in Frameworks */ = {isa = PBXBuildFile; productRef = 4D8D3A8E2D33A1AE009D61AD /* Alamofire */; };
		4D8D3A922D33A220009D61AD /* FirebaseAuth in Frameworks */ = {isa = PBXBuildFile; productRef = 4D8D3A912D33A220009D61AD /* FirebaseAuth */; };
		4D8D3A942D33A220009D61AD /* FirebaseCore in Frameworks */ = {isa = PBXBuildFile; productRef = 4D8D3A932D33A220009D61AD /* FirebaseCore */; };
		4D8D3A962D33A220009D61AD /* FirebaseDatabase in Frameworks */ = {isa = PBXBuildFile; productRef = 4D8D3A952D33A220009D61AD /* FirebaseDatabase */; };
		4D8D3A982D33A220009D61AD /* FirebaseFirestore in Frameworks */ = {isa = PBXBuildFile; productRef = 4D8D3A972D33A220009D61AD /* FirebaseFirestore */; };
		4D8D3A9A2D33A220009D61AD /* FirebaseMessaging in Frameworks */ = {isa = PBXBuildFile; productRef = 4D8D3A992D33A220009D61AD /* FirebaseMessaging */; };
		4D8D3A9C2D33A220009D61AD /* FirebaseStorage in Frameworks */ = {isa = PBXBuildFile; productRef = 4D8D3A9B2D33A220009D61AD /* FirebaseStorage */; };
		4D8D3AB02D412D44009D61AD /* ExerciseResource.swift in Sources */ = {isa = PBXBuildFile; fileRef = 4D8D3AAF2D412D44009D61AD /* ExerciseResource.swift */; };
		4D8D3AB32D412D99009D61AD /* BodyPart.swift in Sources */ = {isa = PBXBuildFile; fileRef = 4D8D3AB22D412D99009D61AD /* BodyPart.swift */; };
		4D8D3AB72D428E36009D61AD /* UserSession.swift in Sources */ = {isa = PBXBuildFile; fileRef = 4D8D3AB62D428E36009D61AD /* UserSession.swift */; };
		4D8D3AB92D428EBC009D61AD /* UserSessionUseCase.swift in Sources */ = {isa = PBXBuildFile; fileRef = 4D8D3AB82D428EBC009D61AD /* UserSessionUseCase.swift */; };
		4D8D3ABB2D428FED009D61AD /* UserSessionRepository.swift in Sources */ = {isa = PBXBuildFile; fileRef = 4D8D3ABA2D428FED009D61AD /* UserSessionRepository.swift */; };
		4D8D3ABD2D451D7C009D61AD /* HeaderView.swift in Sources */ = {isa = PBXBuildFile; fileRef = 4D8D3ABC2D451D7C009D61AD /* HeaderView.swift */; };
		4D8D3ABF2D490EE1009D61AD /* Exercise.swift in Sources */ = {isa = PBXBuildFile; fileRef = 4D8D3ABE2D490EE1009D61AD /* Exercise.swift */; };
		4D8D3AC12D4913D8009D61AD /* ExerciseUseCase.swift in Sources */ = {isa = PBXBuildFile; fileRef = 4D8D3AC02D4913D8009D61AD /* ExerciseUseCase.swift */; };
		4D8D3AC32D4914BC009D61AD /* ExerciseRepository.swift in Sources */ = {isa = PBXBuildFile; fileRef = 4D8D3AC22D4914BC009D61AD /* ExerciseRepository.swift */; };
		4D8D3AC72D491802009D61AD /* WeightTrainingRecordViewModel.swift in Sources */ = {isa = PBXBuildFile; fileRef = 4D8D3AC62D491802009D61AD /* WeightTrainingRecordViewModel.swift */; };
		4D8D3AC92D4918EB009D61AD /* WeightTrainingRecordView.swift in Sources */ = {isa = PBXBuildFile; fileRef = 4D8D3AC82D4918EB009D61AD /* WeightTrainingRecordView.swift */; };
		4D8D3ACB2D491CA3009D61AD /* ExerciseListView.swift in Sources */ = {isa = PBXBuildFile; fileRef = 4D8D3ACA2D491CA3009D61AD /* ExerciseListView.swift */; };
		4DC95A242D2D6FAE006195E4 /* HaruFitApp.swift in Sources */ = {isa = PBXBuildFile; fileRef = 4DC95A232D2D6FAE006195E4 /* HaruFitApp.swift */; };
		4DC95A262D2D6FAE006195E4 /* ContentView.swift in Sources */ = {isa = PBXBuildFile; fileRef = 4DC95A252D2D6FAE006195E4 /* ContentView.swift */; };
		4DC95A282D2D6FAF006195E4 /* Assets.xcassets in Resources */ = {isa = PBXBuildFile; fileRef = 4DC95A272D2D6FAF006195E4 /* Assets.xcassets */; };
		4DC95A2B2D2D6FAF006195E4 /* Preview Assets.xcassets in Resources */ = {isa = PBXBuildFile; fileRef = 4DC95A2A2D2D6FAF006195E4 /* Preview Assets.xcassets */; };
		4DC95A322D2D7117006195E4 /* .swiftformat in Resources */ = {isa = PBXBuildFile; fileRef = 4DC95A312D2D7117006195E4 /* .swiftformat */; };
		4DC95A342D2D711F006195E4 /* .swiftlint.yml in Resources */ = {isa = PBXBuildFile; fileRef = 4DC95A332D2D711E006195E4 /* .swiftlint.yml */; };
/* End PBXBuildFile section */

/* Begin PBXFileReference section */
		035C26E02D2E0D1200BB20B8 /* Info.plist */ = {isa = PBXFileReference; lastKnownFileType = text.plist; path = Info.plist; sourceTree = "<group>"; };
		035C26E12D2E0D9600BB20B8 /* PretendardVariable.ttf */ = {isa = PBXFileReference; lastKnownFileType = file; path = PretendardVariable.ttf; sourceTree = "<group>"; };
		035C26E32D2E0DF500BB20B8 /* Font+Extension.swift */ = {isa = PBXFileReference; lastKnownFileType = sourcecode.swift; path = "Font+Extension.swift"; sourceTree = "<group>"; };
		035C26E62D2E107600BB20B8 /* CustomButton.swift */ = {isa = PBXFileReference; lastKnownFileType = sourcecode.swift; path = CustomButton.swift; sourceTree = "<group>"; };
		035C26E82D2E3E7100BB20B8 /* ColorAssets.xcassets */ = {isa = PBXFileReference; lastKnownFileType = folder.assetcatalog; path = ColorAssets.xcassets; sourceTree = "<group>"; };
		035C26ED2D2E4AC800BB20B8 /* AppImages.swift */ = {isa = PBXFileReference; lastKnownFileType = sourcecode.swift; path = AppImages.swift; sourceTree = "<group>"; };
		035C26F02D2E529300BB20B8 /* RouteTabView.swift */ = {isa = PBXFileReference; lastKnownFileType = sourcecode.swift; path = RouteTabView.swift; sourceTree = "<group>"; };
		035C26F22D2E54EA00BB20B8 /* TabItems.swift */ = {isa = PBXFileReference; lastKnownFileType = sourcecode.swift; path = TabItems.swift; sourceTree = "<group>"; };
		035C26F42D2E5ED800BB20B8 /* .gitignore */ = {isa = PBXFileReference; fileEncoding = 4; lastKnownFileType = text; path = .gitignore; sourceTree = SOURCE_ROOT; };
		03FC07422D37A3A400EBF374 /* TimerDetailView.swift */ = {isa = PBXFileReference; lastKnownFileType = sourcecode.swift; path = TimerDetailView.swift; sourceTree = "<group>"; };
		03FC07962D51F8A300EBF374 /* Appfile */ = {isa = PBXFileReference; fileEncoding = 4; lastKnownFileType = text; path = Appfile; sourceTree = "<group>"; };
		03FC07972D51F8A300EBF374 /* Fastfile */ = {isa = PBXFileReference; fileEncoding = 4; lastKnownFileType = text; path = Fastfile; sourceTree = "<group>"; };
		03FC079C2D51F8CA00EBF374 /* Debug.xcconfig */ = {isa = PBXFileReference; lastKnownFileType = text.xcconfig; path = Debug.xcconfig; sourceTree = "<group>"; };
		03FC079D2D51F8D100EBF374 /* Release.xcconfig */ = {isa = PBXFileReference; lastKnownFileType = text.xcconfig; path = Release.xcconfig; sourceTree = "<group>"; };
		03FC079E2D51FE0B00EBF374 /* Matchfile */ = {isa = PBXFileReference; fileEncoding = 4; lastKnownFileType = text; path = Matchfile; sourceTree = "<group>"; };
		4D8D3A832D2EC5B2009D61AD /* TimerViewModel.swift */ = {isa = PBXFileReference; lastKnownFileType = sourcecode.swift; path = TimerViewModel.swift; sourceTree = "<group>"; };
		4D8D3A852D2EC5CC009D61AD /* WorksoutView.swift */ = {isa = PBXFileReference; lastKnownFileType = sourcecode.swift; path = WorksoutView.swift; sourceTree = "<group>"; };
		4D8D3A872D31520C009D61AD /* Workout.swift */ = {isa = PBXFileReference; lastKnownFileType = sourcecode.swift; path = Workout.swift; sourceTree = "<group>"; };
		4D8D3A892D315460009D61AD /* WorkoutRepository.swift */ = {isa = PBXFileReference; lastKnownFileType = sourcecode.swift; path = WorkoutRepository.swift; sourceTree = "<group>"; };
		4D8D3A8B2D31553A009D61AD /* WorkoutUseCase.swift */ = {isa = PBXFileReference; lastKnownFileType = sourcecode.swift; path = WorkoutUseCase.swift; sourceTree = "<group>"; };
		4D8D3AAF2D412D44009D61AD /* ExerciseResource.swift */ = {isa = PBXFileReference; lastKnownFileType = sourcecode.swift; path = ExerciseResource.swift; sourceTree = "<group>"; };
		4D8D3AB22D412D99009D61AD /* BodyPart.swift */ = {isa = PBXFileReference; lastKnownFileType = sourcecode.swift; path = BodyPart.swift; sourceTree = "<group>"; };
		4D8D3AB62D428E36009D61AD /* UserSession.swift */ = {isa = PBXFileReference; lastKnownFileType = sourcecode.swift; path = UserSession.swift; sourceTree = "<group>"; };
		4D8D3AB82D428EBC009D61AD /* UserSessionUseCase.swift */ = {isa = PBXFileReference; lastKnownFileType = sourcecode.swift; path = UserSessionUseCase.swift; sourceTree = "<group>"; };
		4D8D3ABA2D428FED009D61AD /* UserSessionRepository.swift */ = {isa = PBXFileReference; lastKnownFileType = sourcecode.swift; path = UserSessionRepository.swift; sourceTree = "<group>"; };
		4D8D3ABC2D451D7C009D61AD /* HeaderView.swift */ = {isa = PBXFileReference; lastKnownFileType = sourcecode.swift; path = HeaderView.swift; sourceTree = "<group>"; };
		4D8D3ABE2D490EE1009D61AD /* Exercise.swift */ = {isa = PBXFileReference; lastKnownFileType = sourcecode.swift; path = Exercise.swift; sourceTree = "<group>"; };
		4D8D3AC02D4913D8009D61AD /* ExerciseUseCase.swift */ = {isa = PBXFileReference; lastKnownFileType = sourcecode.swift; path = ExerciseUseCase.swift; sourceTree = "<group>"; };
		4D8D3AC22D4914BC009D61AD /* ExerciseRepository.swift */ = {isa = PBXFileReference; lastKnownFileType = sourcecode.swift; path = ExerciseRepository.swift; sourceTree = "<group>"; };
		4D8D3AC62D491802009D61AD /* WeightTrainingRecordViewModel.swift */ = {isa = PBXFileReference; lastKnownFileType = sourcecode.swift; path = WeightTrainingRecordViewModel.swift; sourceTree = "<group>"; };
		4D8D3AC82D4918EB009D61AD /* WeightTrainingRecordView.swift */ = {isa = PBXFileReference; lastKnownFileType = sourcecode.swift; path = WeightTrainingRecordView.swift; sourceTree = "<group>"; };
		4D8D3ACA2D491CA3009D61AD /* ExerciseListView.swift */ = {isa = PBXFileReference; lastKnownFileType = sourcecode.swift; path = ExerciseListView.swift; sourceTree = "<group>"; };
		4DC95A202D2D6FAE006195E4 /* HaruFit.app */ = {isa = PBXFileReference; explicitFileType = wrapper.application; includeInIndex = 0; path = HaruFit.app; sourceTree = BUILT_PRODUCTS_DIR; };
		4DC95A232D2D6FAE006195E4 /* HaruFitApp.swift */ = {isa = PBXFileReference; lastKnownFileType = sourcecode.swift; path = HaruFitApp.swift; sourceTree = "<group>"; };
		4DC95A252D2D6FAE006195E4 /* ContentView.swift */ = {isa = PBXFileReference; lastKnownFileType = sourcecode.swift; path = ContentView.swift; sourceTree = "<group>"; };
		4DC95A272D2D6FAF006195E4 /* Assets.xcassets */ = {isa = PBXFileReference; lastKnownFileType = folder.assetcatalog; path = Assets.xcassets; sourceTree = "<group>"; };
		4DC95A2A2D2D6FAF006195E4 /* Preview Assets.xcassets */ = {isa = PBXFileReference; lastKnownFileType = folder.assetcatalog; path = "Preview Assets.xcassets"; sourceTree = "<group>"; };
		4DC95A312D2D7117006195E4 /* .swiftformat */ = {isa = PBXFileReference; fileEncoding = 4; lastKnownFileType = text; path = .swiftformat; sourceTree = SOURCE_ROOT; };
		4DC95A332D2D711E006195E4 /* .swiftlint.yml */ = {isa = PBXFileReference; fileEncoding = 4; lastKnownFileType = text.yaml; path = .swiftlint.yml; sourceTree = SOURCE_ROOT; };
/* End PBXFileReference section */

/* Begin PBXFrameworksBuildPhase section */
		4DC95A1D2D2D6FAE006195E4 /* Frameworks */ = {
			isa = PBXFrameworksBuildPhase;
			buildActionMask = 2147483647;
			files = (
				4D8D3A9A2D33A220009D61AD /* FirebaseMessaging in Frameworks */,
				4D8D3A8F2D33A1AE009D61AD /* Alamofire in Frameworks */,
				4D8D3A942D33A220009D61AD /* FirebaseCore in Frameworks */,
				4D8D3A962D33A220009D61AD /* FirebaseDatabase in Frameworks */,
				4D8D3A9C2D33A220009D61AD /* FirebaseStorage in Frameworks */,
				4D8D3A982D33A220009D61AD /* FirebaseFirestore in Frameworks */,
				4D8D3A922D33A220009D61AD /* FirebaseAuth in Frameworks */,
			);
			runOnlyForDeploymentPostprocessing = 0;
		};
/* End PBXFrameworksBuildPhase section */

/* Begin PBXGroup section */
		035C26DF2D2E086C00BB20B8 /* Font */ = {
			isa = PBXGroup;
			children = (
				035C26E12D2E0D9600BB20B8 /* PretendardVariable.ttf */,
				035C26E32D2E0DF500BB20B8 /* Font+Extension.swift */,
			);
			path = Font;
			sourceTree = "<group>";
		};
		035C26E52D2E105900BB20B8 /* Component */ = {
			isa = PBXGroup;
			children = (
				035C26E62D2E107600BB20B8 /* CustomButton.swift */,
				4D8D3ABC2D451D7C009D61AD /* HeaderView.swift */,
			);
			path = Component;
			sourceTree = "<group>";
		};
		035C26EC2D2E4AAC00BB20B8 /* Image */ = {
			isa = PBXGroup;
			children = (
				035C26ED2D2E4AC800BB20B8 /* AppImages.swift */,
			);
			path = Image;
			sourceTree = "<group>";
		};
		035C26EF2D2E527C00BB20B8 /* RouteTab */ = {
			isa = PBXGroup;
			children = (
				035C26F22D2E54EA00BB20B8 /* TabItems.swift */,
				035C26F02D2E529300BB20B8 /* RouteTabView.swift */,
			);
			path = RouteTab;
			sourceTree = "<group>";
		};
		03FC07982D51F8A300EBF374 /* fastlane */ = {
			isa = PBXGroup;
			children = (
				03FC07962D51F8A300EBF374 /* Appfile */,
				03FC07972D51F8A300EBF374 /* Fastfile */,
				03FC079E2D51FE0B00EBF374 /* Matchfile */,
			);
			path = fastlane;
			sourceTree = SOURCE_ROOT;
		};
		03FC079B2D51F8BB00EBF374 /* Configuration */ = {
			isa = PBXGroup;
			children = (
				03FC079C2D51F8CA00EBF374 /* Debug.xcconfig */,
				03FC079D2D51F8D100EBF374 /* Release.xcconfig */,
			);
			path = Configuration;
			sourceTree = "<group>";
		};
		4D8D3A792D2EBD86009D61AD /* Entity */ = {
			isa = PBXGroup;
			children = (
				4D8D3AB12D412D84009D61AD /* Worksout */,
			);
			path = Entity;
			sourceTree = "<group>";
		};
		4D8D3A7A2D2EBD8F009D61AD /* UseCase */ = {
			isa = PBXGroup;
			children = (
				4D8D3A8B2D31553A009D61AD /* WorkoutUseCase.swift */,
				4D8D3AB82D428EBC009D61AD /* UserSessionUseCase.swift */,
				4D8D3AC02D4913D8009D61AD /* ExerciseUseCase.swift */,
			);
			path = UseCase;
			sourceTree = "<group>";
		};
		4D8D3A822D2EC4EB009D61AD /* Time */ = {
			isa = PBXGroup;
			children = (
				4D8D3A852D2EC5CC009D61AD /* WorksoutView.swift */,
				03FC07422D37A3A400EBF374 /* TimerDetailView.swift */,
				4D8D3A832D2EC5B2009D61AD /* TimerViewModel.swift */,
			);
			path = Time;
			sourceTree = "<group>";
		};
		4D8D3AAE2D412D29009D61AD /* Exercise */ = {
			isa = PBXGroup;
			children = (
				4D8D3AAF2D412D44009D61AD /* ExerciseResource.swift */,
			);
			path = Exercise;
			sourceTree = "<group>";
		};
		4D8D3AB12D412D84009D61AD /* Worksout */ = {
			isa = PBXGroup;
			children = (
				4D8D3A872D31520C009D61AD /* Workout.swift */,
				4D8D3AB22D412D99009D61AD /* BodyPart.swift */,
				4D8D3ABE2D490EE1009D61AD /* Exercise.swift */,
			);
			path = Worksout;
			sourceTree = "<group>";
		};
		4D8D3AC52D4917D3009D61AD /* Exercise */ = {
			isa = PBXGroup;
			children = (
				4D8D3AC82D4918EB009D61AD /* WeightTrainingRecordView.swift */,
				4D8D3ACA2D491CA3009D61AD /* ExerciseListView.swift */,
				4D8D3AC62D491802009D61AD /* WeightTrainingRecordViewModel.swift */,
			);
			path = Exercise;
			sourceTree = "<group>";
		};
		4DC95A172D2D6FAE006195E4 = {
			isa = PBXGroup;
			children = (
				4DC95A222D2D6FAE006195E4 /* HaruFit */,
				4DC95A212D2D6FAE006195E4 /* Products */,
			);
			sourceTree = "<group>";
		};
		4DC95A212D2D6FAE006195E4 /* Products */ = {
			isa = PBXGroup;
			children = (
				4DC95A202D2D6FAE006195E4 /* HaruFit.app */,
			);
			name = Products;
			sourceTree = "<group>";
		};
		4DC95A222D2D6FAE006195E4 /* HaruFit */ = {
			isa = PBXGroup;
			children = (
				035C26E02D2E0D1200BB20B8 /* Info.plist */,
				035C26F42D2E5ED800BB20B8 /* .gitignore */,
				4DC95A332D2D711E006195E4 /* .swiftlint.yml */,
				4DC95A312D2D7117006195E4 /* .swiftformat */,
				4DC95A272D2D6FAF006195E4 /* Assets.xcassets */,
				035C26E82D2E3E7100BB20B8 /* ColorAssets.xcassets */,
				03FC079B2D51F8BB00EBF374 /* Configuration */,
				03FC07982D51F8A300EBF374 /* fastlane */,
				4DC95A232D2D6FAE006195E4 /* HaruFitApp.swift */,
				4DC95A252D2D6FAE006195E4 /* ContentView.swift */,
				4DC95A392D2D787C006195E4 /* Resource */,
				4DC95A3A2D2D7893006195E4 /* Domain */,
				4DC95A3C2D2D78A4006195E4 /* Data */,
				4DC95A3D2D2D78A8006195E4 /* Presentation */,
				035C26E52D2E105900BB20B8 /* Component */,
				4DC95A292D2D6FAF006195E4 /* Preview Content */,
			);
			path = HaruFit;
			sourceTree = "<group>";
		};
		4DC95A292D2D6FAF006195E4 /* Preview Content */ = {
			isa = PBXGroup;
			children = (
				4DC95A2A2D2D6FAF006195E4 /* Preview Assets.xcassets */,
			);
			path = "Preview Content";
			sourceTree = "<group>";
		};
		4DC95A392D2D787C006195E4 /* Resource */ = {
			isa = PBXGroup;
			children = (
				4D8D3AAE2D412D29009D61AD /* Exercise */,
				035C26EC2D2E4AAC00BB20B8 /* Image */,
				035C26DF2D2E086C00BB20B8 /* Font */,
			);
			path = Resource;
			sourceTree = "<group>";
		};
		4DC95A3A2D2D7893006195E4 /* Domain */ = {
			isa = PBXGroup;
			children = (
				4D8D3A792D2EBD86009D61AD /* Entity */,
				4D8D3AB62D428E36009D61AD /* UserSession.swift */,
				4D8D3A7A2D2EBD8F009D61AD /* UseCase */,
			);
			path = Domain;
			sourceTree = "<group>";
		};
		4DC95A3C2D2D78A4006195E4 /* Data */ = {
			isa = PBXGroup;
			children = (
				4D8D3A892D315460009D61AD /* WorkoutRepository.swift */,
				4D8D3AC22D4914BC009D61AD /* ExerciseRepository.swift */,
				4D8D3ABA2D428FED009D61AD /* UserSessionRepository.swift */,
			);
			path = Data;
			sourceTree = "<group>";
		};
		4DC95A3D2D2D78A8006195E4 /* Presentation */ = {
			isa = PBXGroup;
			children = (
				4D8D3AC52D4917D3009D61AD /* Exercise */,
				035C26EF2D2E527C00BB20B8 /* RouteTab */,
				4D8D3A822D2EC4EB009D61AD /* Time */,
			);
			path = Presentation;
			sourceTree = "<group>";
		};
/* End PBXGroup section */

/* Begin PBXNativeTarget section */
		4DC95A1F2D2D6FAE006195E4 /* HaruFit */ = {
			isa = PBXNativeTarget;
			buildConfigurationList = 4DC95A2E2D2D6FAF006195E4 /* Build configuration list for PBXNativeTarget "HaruFit" */;
			buildPhases = (
				4DC95A1C2D2D6FAE006195E4 /* Sources */,
				4DC95A1D2D2D6FAE006195E4 /* Frameworks */,
				4DC95A1E2D2D6FAE006195E4 /* Resources */,
				4DC95A352D2D7451006195E4 /* Swift Format */,
				4DC95A362D2D745A006195E4 /* Swift Lint */,
			);
			buildRules = (
			);
			dependencies = (
			);
			name = HaruFit;
			packageProductDependencies = (
				4D8D3A8E2D33A1AE009D61AD /* Alamofire */,
				4D8D3A912D33A220009D61AD /* FirebaseAuth */,
				4D8D3A932D33A220009D61AD /* FirebaseCore */,
				4D8D3A952D33A220009D61AD /* FirebaseDatabase */,
				4D8D3A972D33A220009D61AD /* FirebaseFirestore */,
				4D8D3A992D33A220009D61AD /* FirebaseMessaging */,
				4D8D3A9B2D33A220009D61AD /* FirebaseStorage */,
			);
			productName = HaruFit;
			productReference = 4DC95A202D2D6FAE006195E4 /* HaruFit.app */;
			productType = "com.apple.product-type.application";
		};
/* End PBXNativeTarget section */

/* Begin PBXProject section */
		4DC95A182D2D6FAE006195E4 /* Project object */ = {
			isa = PBXProject;
			attributes = {
				BuildIndependentTargetsInParallel = 1;
				LastSwiftUpdateCheck = 1540;
				LastUpgradeCheck = 1540;
				TargetAttributes = {
					4DC95A1F2D2D6FAE006195E4 = {
						CreatedOnToolsVersion = 15.4;
					};
				};
			};
			buildConfigurationList = 4DC95A1B2D2D6FAE006195E4 /* Build configuration list for PBXProject "HaruFit" */;
			compatibilityVersion = "Xcode 14.0";
			developmentRegion = en;
			hasScannedForEncodings = 0;
			knownRegions = (
				en,
				Base,
			);
			mainGroup = 4DC95A172D2D6FAE006195E4;
			packageReferences = (
				4D8D3A8D2D33A1AE009D61AD /* XCRemoteSwiftPackageReference "Alamofire" */,
				4D8D3A902D33A220009D61AD /* XCRemoteSwiftPackageReference "firebase-ios-sdk" */,
			);
			productRefGroup = 4DC95A212D2D6FAE006195E4 /* Products */;
			projectDirPath = "";
			projectRoot = "";
			targets = (
				4DC95A1F2D2D6FAE006195E4 /* HaruFit */,
			);
		};
/* End PBXProject section */

/* Begin PBXResourcesBuildPhase section */
		4DC95A1E2D2D6FAE006195E4 /* Resources */ = {
			isa = PBXResourcesBuildPhase;
			buildActionMask = 2147483647;
			files = (
				03FC079F2D51FE0B00EBF374 /* Matchfile in Resources */,
				03FC079A2D51F8A300EBF374 /* Fastfile in Resources */,
				03FC07992D51F8A300EBF374 /* Appfile in Resources */,
				035C26E22D2E0D9600BB20B8 /* PretendardVariable.ttf in Resources */,
				035C26F52D2E5ED800BB20B8 /* .gitignore in Resources */,
				4DC95A342D2D711F006195E4 /* .swiftlint.yml in Resources */,
				4DC95A2B2D2D6FAF006195E4 /* Preview Assets.xcassets in Resources */,
				4DC95A282D2D6FAF006195E4 /* Assets.xcassets in Resources */,
				035C26E92D2E3E7100BB20B8 /* ColorAssets.xcassets in Resources */,
				4DC95A322D2D7117006195E4 /* .swiftformat in Resources */,
			);
			runOnlyForDeploymentPostprocessing = 0;
		};
/* End PBXResourcesBuildPhase section */

/* Begin PBXShellScriptBuildPhase section */
		4DC95A352D2D7451006195E4 /* Swift Format */ = {
			isa = PBXShellScriptBuildPhase;
			alwaysOutOfDate = 1;
			buildActionMask = 2147483647;
			files = (
			);
			inputFileListPaths = (
			);
			inputPaths = (
			);
			name = "Swift Format";
			outputFileListPaths = (
			);
			outputPaths = (
			);
			runOnlyForDeploymentPostprocessing = 0;
			shellPath = /bin/sh;
			shellScript = "# Type a script or drag a script file from your workspace to insert its path.\nif [[ \"$(uname -m)\" == arm64 ]]; then\n    export PATH=\"/opt/homebrew/bin:$PATH\"\nfi\n\nif which swiftformat > /dev/null; then\n  swiftformat .\nelse\n  echo \"warning: SwiftFormat not installed, download from https://github.com/nicklockwood/SwiftFormat\"\nfi\n\n\n";
		};
		4DC95A362D2D745A006195E4 /* Swift Lint */ = {
			isa = PBXShellScriptBuildPhase;
			alwaysOutOfDate = 1;
			buildActionMask = 2147483647;
			files = (
			);
			inputFileListPaths = (
			);
			inputPaths = (
			);
			name = "Swift Lint";
			outputFileListPaths = (
			);
			outputPaths = (
			);
			runOnlyForDeploymentPostprocessing = 0;
			shellPath = /bin/sh;
			shellScript = "# Type a script or drag a script file from your workspace to insert its path.\n\nif [[ \"$(uname -m)\" == arm64 ]]; then\n    export PATH=\"/opt/homebrew/bin:$PATH\"\nfi\n\nif which swiftlint > /dev/null; then\n  swiftlint\nelse\n  echo \"warning: SwiftLint not installed, download from https://github.com/realm/SwiftLint\"\nfi\n\n";
		};
/* End PBXShellScriptBuildPhase section */

/* Begin PBXSourcesBuildPhase section */
		4DC95A1C2D2D6FAE006195E4 /* Sources */ = {
			isa = PBXSourcesBuildPhase;
			buildActionMask = 2147483647;
			files = (
				4D8D3AC12D4913D8009D61AD /* ExerciseUseCase.swift in Sources */,
				035C26EE2D2E4AC800BB20B8 /* AppImages.swift in Sources */,
				4D8D3AB02D412D44009D61AD /* ExerciseResource.swift in Sources */,
				4D8D3AC72D491802009D61AD /* WeightTrainingRecordViewModel.swift in Sources */,
				035C26F12D2E529300BB20B8 /* RouteTabView.swift in Sources */,
				4D8D3A882D31520C009D61AD /* Workout.swift in Sources */,
				035C26E72D2E107600BB20B8 /* CustomButton.swift in Sources */,
				4D8D3ABD2D451D7C009D61AD /* HeaderView.swift in Sources */,
				4D8D3ACB2D491CA3009D61AD /* ExerciseListView.swift in Sources */,
				4D8D3ABB2D428FED009D61AD /* UserSessionRepository.swift in Sources */,
				4D8D3A8C2D31553A009D61AD /* WorkoutUseCase.swift in Sources */,
				03FC07432D37A3A400EBF374 /* TimerDetailView.swift in Sources */,
				4D8D3AC32D4914BC009D61AD /* ExerciseRepository.swift in Sources */,
				4D8D3AB72D428E36009D61AD /* UserSession.swift in Sources */,
				4D8D3AB92D428EBC009D61AD /* UserSessionUseCase.swift in Sources */,
				4DC95A262D2D6FAE006195E4 /* ContentView.swift in Sources */,
				4D8D3A862D2EC5CC009D61AD /* WorksoutView.swift in Sources */,
				035C26F32D2E54EA00BB20B8 /* TabItems.swift in Sources */,
				4D8D3A842D2EC5B2009D61AD /* TimerViewModel.swift in Sources */,
				4D8D3ABF2D490EE1009D61AD /* Exercise.swift in Sources */,
				4D8D3A8A2D315460009D61AD /* WorkoutRepository.swift in Sources */,
				4DC95A242D2D6FAE006195E4 /* HaruFitApp.swift in Sources */,
				4D8D3AC92D4918EB009D61AD /* WeightTrainingRecordView.swift in Sources */,
				4D8D3AB32D412D99009D61AD /* BodyPart.swift in Sources */,
				035C26E42D2E0DF600BB20B8 /* Font+Extension.swift in Sources */,
			);
			runOnlyForDeploymentPostprocessing = 0;
		};
/* End PBXSourcesBuildPhase section */

/* Begin XCBuildConfiguration section */
		4DC95A2C2D2D6FAF006195E4 /* Debug */ = {
			isa = XCBuildConfiguration;
			buildSettings = {
				ALWAYS_SEARCH_USER_PATHS = NO;
				ASSETCATALOG_COMPILER_GENERATE_SWIFT_ASSET_SYMBOL_EXTENSIONS = YES;
				CLANG_ANALYZER_NONNULL = YES;
				CLANG_ANALYZER_NUMBER_OBJECT_CONVERSION = YES_AGGRESSIVE;
				CLANG_CXX_LANGUAGE_STANDARD = "gnu++20";
				CLANG_ENABLE_MODULES = YES;
				CLANG_ENABLE_OBJC_ARC = YES;
				CLANG_ENABLE_OBJC_WEAK = YES;
				CLANG_WARN_BLOCK_CAPTURE_AUTORELEASING = YES;
				CLANG_WARN_BOOL_CONVERSION = YES;
				CLANG_WARN_COMMA = YES;
				CLANG_WARN_CONSTANT_CONVERSION = YES;
				CLANG_WARN_DEPRECATED_OBJC_IMPLEMENTATIONS = YES;
				CLANG_WARN_DIRECT_OBJC_ISA_USAGE = YES_ERROR;
				CLANG_WARN_DOCUMENTATION_COMMENTS = YES;
				CLANG_WARN_EMPTY_BODY = YES;
				CLANG_WARN_ENUM_CONVERSION = YES;
				CLANG_WARN_INFINITE_RECURSION = YES;
				CLANG_WARN_INT_CONVERSION = YES;
				CLANG_WARN_NON_LITERAL_NULL_CONVERSION = YES;
				CLANG_WARN_OBJC_IMPLICIT_RETAIN_SELF = YES;
				CLANG_WARN_OBJC_LITERAL_CONVERSION = YES;
				CLANG_WARN_OBJC_ROOT_CLASS = YES_ERROR;
				CLANG_WARN_QUOTED_INCLUDE_IN_FRAMEWORK_HEADER = YES;
				CLANG_WARN_RANGE_LOOP_ANALYSIS = YES;
				CLANG_WARN_STRICT_PROTOTYPES = YES;
				CLANG_WARN_SUSPICIOUS_MOVE = YES;
				CLANG_WARN_UNGUARDED_AVAILABILITY = YES_AGGRESSIVE;
				CLANG_WARN_UNREACHABLE_CODE = YES;
				CLANG_WARN__DUPLICATE_METHOD_MATCH = YES;
				COPY_PHASE_STRIP = NO;
				DEBUG_INFORMATION_FORMAT = dwarf;
				ENABLE_STRICT_OBJC_MSGSEND = YES;
				ENABLE_TESTABILITY = YES;
				ENABLE_USER_SCRIPT_SANDBOXING = YES;
				GCC_C_LANGUAGE_STANDARD = gnu17;
				GCC_DYNAMIC_NO_PIC = NO;
				GCC_NO_COMMON_BLOCKS = YES;
				GCC_OPTIMIZATION_LEVEL = 0;
				GCC_PREPROCESSOR_DEFINITIONS = (
					"DEBUG=1",
					"$(inherited)",
				);
				GCC_WARN_64_TO_32_BIT_CONVERSION = YES;
				GCC_WARN_ABOUT_RETURN_TYPE = YES_ERROR;
				GCC_WARN_UNDECLARED_SELECTOR = YES;
				GCC_WARN_UNINITIALIZED_AUTOS = YES_AGGRESSIVE;
				GCC_WARN_UNUSED_FUNCTION = YES;
				GCC_WARN_UNUSED_VARIABLE = YES;
				IPHONEOS_DEPLOYMENT_TARGET = 16.0;
				LOCALIZATION_PREFERS_STRING_CATALOGS = YES;
				MTL_ENABLE_DEBUG_INFO = INCLUDE_SOURCE;
				MTL_FAST_MATH = YES;
				ONLY_ACTIVE_ARCH = YES;
				SDKROOT = iphoneos;
				SWIFT_ACTIVE_COMPILATION_CONDITIONS = "DEBUG $(inherited)";
				SWIFT_OPTIMIZATION_LEVEL = "-Onone";
			};
			name = Debug;
		};
		4DC95A2D2D2D6FAF006195E4 /* Release */ = {
			isa = XCBuildConfiguration;
			buildSettings = {
				ALWAYS_SEARCH_USER_PATHS = NO;
				ASSETCATALOG_COMPILER_GENERATE_SWIFT_ASSET_SYMBOL_EXTENSIONS = YES;
				CLANG_ANALYZER_NONNULL = YES;
				CLANG_ANALYZER_NUMBER_OBJECT_CONVERSION = YES_AGGRESSIVE;
				CLANG_CXX_LANGUAGE_STANDARD = "gnu++20";
				CLANG_ENABLE_MODULES = YES;
				CLANG_ENABLE_OBJC_ARC = YES;
				CLANG_ENABLE_OBJC_WEAK = YES;
				CLANG_WARN_BLOCK_CAPTURE_AUTORELEASING = YES;
				CLANG_WARN_BOOL_CONVERSION = YES;
				CLANG_WARN_COMMA = YES;
				CLANG_WARN_CONSTANT_CONVERSION = YES;
				CLANG_WARN_DEPRECATED_OBJC_IMPLEMENTATIONS = YES;
				CLANG_WARN_DIRECT_OBJC_ISA_USAGE = YES_ERROR;
				CLANG_WARN_DOCUMENTATION_COMMENTS = YES;
				CLANG_WARN_EMPTY_BODY = YES;
				CLANG_WARN_ENUM_CONVERSION = YES;
				CLANG_WARN_INFINITE_RECURSION = YES;
				CLANG_WARN_INT_CONVERSION = YES;
				CLANG_WARN_NON_LITERAL_NULL_CONVERSION = YES;
				CLANG_WARN_OBJC_IMPLICIT_RETAIN_SELF = YES;
				CLANG_WARN_OBJC_LITERAL_CONVERSION = YES;
				CLANG_WARN_OBJC_ROOT_CLASS = YES_ERROR;
				CLANG_WARN_QUOTED_INCLUDE_IN_FRAMEWORK_HEADER = YES;
				CLANG_WARN_RANGE_LOOP_ANALYSIS = YES;
				CLANG_WARN_STRICT_PROTOTYPES = YES;
				CLANG_WARN_SUSPICIOUS_MOVE = YES;
				CLANG_WARN_UNGUARDED_AVAILABILITY = YES_AGGRESSIVE;
				CLANG_WARN_UNREACHABLE_CODE = YES;
				CLANG_WARN__DUPLICATE_METHOD_MATCH = YES;
				COPY_PHASE_STRIP = NO;
				DEBUG_INFORMATION_FORMAT = "dwarf-with-dsym";
				ENABLE_NS_ASSERTIONS = NO;
				ENABLE_STRICT_OBJC_MSGSEND = YES;
				ENABLE_USER_SCRIPT_SANDBOXING = YES;
				GCC_C_LANGUAGE_STANDARD = gnu17;
				GCC_NO_COMMON_BLOCKS = YES;
				GCC_WARN_64_TO_32_BIT_CONVERSION = YES;
				GCC_WARN_ABOUT_RETURN_TYPE = YES_ERROR;
				GCC_WARN_UNDECLARED_SELECTOR = YES;
				GCC_WARN_UNINITIALIZED_AUTOS = YES_AGGRESSIVE;
				GCC_WARN_UNUSED_FUNCTION = YES;
				GCC_WARN_UNUSED_VARIABLE = YES;
				IPHONEOS_DEPLOYMENT_TARGET = 16.0;
				LOCALIZATION_PREFERS_STRING_CATALOGS = YES;
				MTL_ENABLE_DEBUG_INFO = NO;
				MTL_FAST_MATH = YES;
				SDKROOT = iphoneos;
				SWIFT_COMPILATION_MODE = wholemodule;
				VALIDATE_PRODUCT = YES;
			};
			name = Release;
		};
		4DC95A2F2D2D6FAF006195E4 /* Debug */ = {
			isa = XCBuildConfiguration;
			buildSettings = {
				ASSETCATALOG_COMPILER_APPICON_NAME = AppIcon;
				ASSETCATALOG_COMPILER_GLOBAL_ACCENT_COLOR_NAME = AccentColor;
				CODE_SIGN_IDENTITY = "Apple Development";
				CODE_SIGN_STYLE = Automatic;
				CURRENT_PROJECT_VERSION = 1;
				DEVELOPMENT_ASSET_PATHS = "\"HaruFit/Preview Content\"";
				DEVELOPMENT_TEAM = U68CWSQ94X;
				ENABLE_PREVIEWS = YES;
				ENABLE_USER_SCRIPT_SANDBOXING = NO;
				GENERATE_INFOPLIST_FILE = YES;
				INFOPLIST_FILE = HaruFit/Info.plist;
				INFOPLIST_KEY_CFBundleDisplayName = HaruFit;
				INFOPLIST_KEY_LSApplicationCategoryType = "public.app-category.healthcare-fitness";
				INFOPLIST_KEY_UIApplicationSceneManifest_Generation = YES;
				INFOPLIST_KEY_UIApplicationSupportsIndirectInputEvents = YES;
				INFOPLIST_KEY_UILaunchScreen_Generation = YES;
				INFOPLIST_KEY_UISupportedInterfaceOrientations_iPad = "UIInterfaceOrientationPortrait UIInterfaceOrientationPortraitUpsideDown UIInterfaceOrientationLandscapeLeft UIInterfaceOrientationLandscapeRight";
				INFOPLIST_KEY_UISupportedInterfaceOrientations_iPhone = "UIInterfaceOrientationPortrait UIInterfaceOrientationLandscapeLeft UIInterfaceOrientationLandscapeRight";
				IPHONEOS_DEPLOYMENT_TARGET = 16.0;
				LD_RUNPATH_SEARCH_PATHS = (
					"$(inherited)",
					"@executable_path/Frameworks",
				);
				MARKETING_VERSION = 1.0;
				PRODUCT_BUNDLE_IDENTIFIER = sijongKim.HaruFit;
				PRODUCT_NAME = "$(TARGET_NAME)";
				PROVISIONING_PROFILE_SPECIFIER = "";
				SUPPORTED_PLATFORMS = "iphoneos iphonesimulator";
				SUPPORTS_MACCATALYST = NO;
				SUPPORTS_MAC_DESIGNED_FOR_IPHONE_IPAD = NO;
				SUPPORTS_XR_DESIGNED_FOR_IPHONE_IPAD = NO;
				SWIFT_EMIT_LOC_STRINGS = YES;
				SWIFT_VERSION = 5.0;
				TARGETED_DEVICE_FAMILY = 1;
			};
			name = Debug;
		};
		4DC95A302D2D6FAF006195E4 /* Release */ = {
			isa = XCBuildConfiguration;
			buildSettings = {
				ASSETCATALOG_COMPILER_APPICON_NAME = AppIcon;
				ASSETCATALOG_COMPILER_GLOBAL_ACCENT_COLOR_NAME = AccentColor;
				CODE_SIGN_IDENTITY = "Apple Development";
				CODE_SIGN_STYLE = Automatic;
				CURRENT_PROJECT_VERSION = 1;
				DEVELOPMENT_ASSET_PATHS = "\"HaruFit/Preview Content\"";
				DEVELOPMENT_TEAM = U68CWSQ94X;
				ENABLE_PREVIEWS = YES;
				ENABLE_USER_SCRIPT_SANDBOXING = NO;
				GENERATE_INFOPLIST_FILE = YES;
				INFOPLIST_FILE = HaruFit/Info.plist;
				INFOPLIST_KEY_CFBundleDisplayName = HaruFit;
				INFOPLIST_KEY_LSApplicationCategoryType = "public.app-category.healthcare-fitness";
				INFOPLIST_KEY_UIApplicationSceneManifest_Generation = YES;
				INFOPLIST_KEY_UIApplicationSupportsIndirectInputEvents = YES;
				INFOPLIST_KEY_UILaunchScreen_Generation = YES;
				INFOPLIST_KEY_UISupportedInterfaceOrientations_iPad = "UIInterfaceOrientationPortrait UIInterfaceOrientationPortraitUpsideDown UIInterfaceOrientationLandscapeLeft UIInterfaceOrientationLandscapeRight";
				INFOPLIST_KEY_UISupportedInterfaceOrientations_iPhone = "UIInterfaceOrientationPortrait UIInterfaceOrientationLandscapeLeft UIInterfaceOrientationLandscapeRight";
				IPHONEOS_DEPLOYMENT_TARGET = 16.0;
				LD_RUNPATH_SEARCH_PATHS = (
					"$(inherited)",
					"@executable_path/Frameworks",
				);
				MARKETING_VERSION = 1.0;
				PRODUCT_BUNDLE_IDENTIFIER = sijongKim.HaruFit;
				PRODUCT_NAME = "$(TARGET_NAME)";
				PROVISIONING_PROFILE_SPECIFIER = "";
				SUPPORTED_PLATFORMS = "iphoneos iphonesimulator";
				SUPPORTS_MACCATALYST = NO;
				SUPPORTS_MAC_DESIGNED_FOR_IPHONE_IPAD = NO;
				SUPPORTS_XR_DESIGNED_FOR_IPHONE_IPAD = NO;
				SWIFT_EMIT_LOC_STRINGS = YES;
				SWIFT_VERSION = 5.0;
				TARGETED_DEVICE_FAMILY = 1;
			};
			name = Release;
		};
/* End XCBuildConfiguration section */

/* Begin XCConfigurationList section */
		4DC95A1B2D2D6FAE006195E4 /* Build configuration list for PBXProject "HaruFit" */ = {
			isa = XCConfigurationList;
			buildConfigurations = (
				4DC95A2C2D2D6FAF006195E4 /* Debug */,
				4DC95A2D2D2D6FAF006195E4 /* Release */,
			);
			defaultConfigurationIsVisible = 0;
			defaultConfigurationName = Release;
		};
		4DC95A2E2D2D6FAF006195E4 /* Build configuration list for PBXNativeTarget "HaruFit" */ = {
			isa = XCConfigurationList;
			buildConfigurations = (
				4DC95A2F2D2D6FAF006195E4 /* Debug */,
				4DC95A302D2D6FAF006195E4 /* Release */,
			);
			defaultConfigurationIsVisible = 0;
			defaultConfigurationName = Release;
		};
/* End XCConfigurationList section */

/* Begin XCRemoteSwiftPackageReference section */
		4D8D3A8D2D33A1AE009D61AD /* XCRemoteSwiftPackageReference "Alamofire" */ = {
			isa = XCRemoteSwiftPackageReference;
			repositoryURL = "https://github.com/Alamofire/Alamofire.git";
			requirement = {
				kind = upToNextMajorVersion;
				minimumVersion = 5.10.2;
			};
		};
		4D8D3A902D33A220009D61AD /* XCRemoteSwiftPackageReference "firebase-ios-sdk" */ = {
			isa = XCRemoteSwiftPackageReference;
			repositoryURL = "https://github.com/firebase/firebase-ios-sdk.git";
			requirement = {
				kind = upToNextMajorVersion;
				minimumVersion = 11.6.0;
			};
		};
/* End XCRemoteSwiftPackageReference section */

/* Begin XCSwiftPackageProductDependency section */
		4D8D3A8E2D33A1AE009D61AD /* Alamofire */ = {
			isa = XCSwiftPackageProductDependency;
			package = 4D8D3A8D2D33A1AE009D61AD /* XCRemoteSwiftPackageReference "Alamofire" */;
			productName = Alamofire;
		};
		4D8D3A912D33A220009D61AD /* FirebaseAuth */ = {
			isa = XCSwiftPackageProductDependency;
			package = 4D8D3A902D33A220009D61AD /* XCRemoteSwiftPackageReference "firebase-ios-sdk" */;
			productName = FirebaseAuth;
		};
		4D8D3A932D33A220009D61AD /* FirebaseCore */ = {
			isa = XCSwiftPackageProductDependency;
			package = 4D8D3A902D33A220009D61AD /* XCRemoteSwiftPackageReference "firebase-ios-sdk" */;
			productName = FirebaseCore;
		};
		4D8D3A952D33A220009D61AD /* FirebaseDatabase */ = {
			isa = XCSwiftPackageProductDependency;
			package = 4D8D3A902D33A220009D61AD /* XCRemoteSwiftPackageReference "firebase-ios-sdk" */;
			productName = FirebaseDatabase;
		};
		4D8D3A972D33A220009D61AD /* FirebaseFirestore */ = {
			isa = XCSwiftPackageProductDependency;
			package = 4D8D3A902D33A220009D61AD /* XCRemoteSwiftPackageReference "firebase-ios-sdk" */;
			productName = FirebaseFirestore;
		};
		4D8D3A992D33A220009D61AD /* FirebaseMessaging */ = {
			isa = XCSwiftPackageProductDependency;
			package = 4D8D3A902D33A220009D61AD /* XCRemoteSwiftPackageReference "firebase-ios-sdk" */;
			productName = FirebaseMessaging;
		};
		4D8D3A9B2D33A220009D61AD /* FirebaseStorage */ = {
			isa = XCSwiftPackageProductDependency;
			package = 4D8D3A902D33A220009D61AD /* XCRemoteSwiftPackageReference "firebase-ios-sdk" */;
			productName = FirebaseStorage;
		};
/* End XCSwiftPackageProductDependency section */
	};
	rootObject = 4DC95A182D2D6FAE006195E4 /* Project object */;
}
